<?xml version="1.0" encoding="utf-8"?>
<Project ToolsVersion="17.0" xmlns="http://schemas.microsoft.com/developer/msbuild/2003">
  <ItemGroup>
    <CustomBuild Include="D:\Repos\DiligentEngine\CMakeFiles\883b2fea69b62e625ffdb4a906585aaa\PACKAGE_force.rule">
      <Filter>CMake Rules</Filter>
    </CustomBuild>
  </ItemGroup>
  <ItemGroup>
    <Filter Include="CMake Rules">
      <UniqueIdentifier>{7678F609-5B45-3CAD-8610-762E9B1E00E6}</UniqueIdentifier>
    </Filter>
  </ItemGroup>
</Project>
